DEPENDENCIES
  build-essential
  git
  memcached
  mongodb
    git: git@github.com:edelight/chef-mongodb.git
    revision: 634047d50ed798955b5c7e17187bdf2b9972a5e3
    ref: HEAD
  monit
    git: https://github.com/phlipper/chef-monit.git
    revision: 9aecee976641ad2f9b3b3c1924d6ce97b8a17216
  mysql
    git: git://github.com/opscode-cookbooks/mysql.git
    revision: abf418550a534cee433ded5f85a85f3296a9709e
  nginx
  openssl
  rbenv
    git: git://github.com/fnichol/chef-rbenv.git
    revision: 0a3018634bafe58ad21c6ee271af015220e444b9
  redis
  ruby_build
  simple_iptables
  sudo
  users
  vim
  yum

GRAPH
  apt (2.4.0)
  bluepill (2.3.1)
    rsyslog (>= 0.0.0)
  build-essential (2.0.4)
  chef-sugar (2.0.0)
  chef_handler (1.1.6)
  dmg (2.2.0)
  git (4.0.2)
    build-essential (>= 0.0.0)
    dmg (>= 0.0.0)
    runit (>= 1.0.0)
    windows (>= 0.0.0)
    yum (~> 3.0)
    yum-epel (>= 0.0.0)
  install_from (3.0.4)
  java (1.22.0)
  memcached (1.7.2)
    runit (~> 1.0)
    yum (~> 3.0)
    yum-epel (>= 0.0.0)
  metachef (3.0.4)
  mongodb (0.16.1)
    apt (>= 1.8.2)
    python (>= 0.0.0)
    runit (>= 1.5.0)
    yum (>= 3.0.0)
  monit (1.5.4)
    build-essential (>= 0.0.0)
  mysql (5.3.6)
    yum-mysql-community (>= 0.0.0)
  nginx (2.7.4)
    apt (~> 2.2)
    bluepill (~> 2.3)
    build-essential (~> 2.0)
    ohai (~> 2.0)
    runit (~> 1.2)
    yum-epel (~> 0.3)
  ohai (2.0.1)
  openssl (2.0.0)
    chef-sugar (>= 0.0.0)
  python (1.4.6)
    build-essential (>= 0.0.0)
    yum-epel (>= 0.0.0)
  rbenv (0.7.3)
    java (> 1.4.0)
    ruby_build (>= 0.0.0)
  redis (3.0.4)
    install_from (>= 0.0.0)
    metachef (>= 0.0.0)
    runit (>= 0.0.0)
  rsyslog (1.12.2)
  ruby_build (0.8.0)
  runit (1.5.10)
    build-essential (>= 0.0.0)
    yum (~> 3.0)
    yum-epel (>= 0.0.0)
  simple_iptables (0.6.4)
  sudo (2.6.0)
  users (1.7.0)
  vim (1.1.2)
  windows (1.31.0)
    chef_handler (>= 0.0.0)
  yum (3.2.2)
  yum-epel (0.3.6)
    yum (~> 3.0)
  yum-mysql-community (0.1.8)
    yum (>= 3.0.0)
